
Microsoft Visual Studio Solution File, Format Version 12.00
# Visual Studio Version 17
VisualStudioVersion = 17.7.34018.315
MinimumVisualStudioVersion = 10.0.40219.1
Project("{FAE04EC0-301F-11D3-BF4B-00C04F79EFBC}") = "Radiant Luxe Kafe", "Radiant Luxe Kafe.csproj", "{EE4FFB3A-EB78-4BCE-A728-9827B4F0F27B}"
EndProject
Global
	GlobalSection(SolutionConfigurationPlatforms) = preSolution
		Debug|Any CPU = Debug|Any CPU
		Release|Any CPU = Release|Any CPU
	EndGlobalSection
	GlobalSection(ProjectConfigurationPlatforms) = postSolution
		{EE4FFB3A-EB78-4BCE-A728-9827B4F0F27B}.Debug|Any CPU.ActiveCfg = Debug|Any CPU
		{EE4FFB3A-EB78-4BCE-A728-9827B4F0F27B}.Debug|Any CPU.Build.0 = Debug|Any CPU
		{EE4FFB3A-EB78-4BCE-A728-9827B4F0F27B}.Release|Any CPU.ActiveCfg = Release|Any CPU
		{EE4FFB3A-EB78-4BCE-A728-9827B4F0F27B}.Release|Any CPU.Build.0 = Release|Any CPU
	EndGlobalSection
	GlobalSection(SolutionProperties) = preSolution
		HideSolutionNode = FALSE
	EndGlobalSection
	GlobalSection(ExtensibilityGlobals) = postSolution
		SolutionGuid = {05B76899-17B1-4E86-992D-46C269043418}
	EndGlobalSection
EndGlobal
